
Microsoft Visual Studio Solution File, Format Version 12.00
# Visual Studio Version 17
VisualStudioVersion = 17.1.31903.286
MinimumVisualStudioVersion = 10.0.40219.1
Project("{fe262c33-9d34-4296-93d9-ba68fcc6fbc7}") = "WieldWithoutViolence", "WieldWithoutViolence.csproj", "{a59499da-237a-40b4-a3c0-9ab63986acb3}"
EndProject
Global
	GlobalSection(SolutionConfigurationPlatforms) = preSolution
		Debug|Any CPU = Debug|Any CPU
		Release|Any CPU = Release|Any CPU
	EndGlobalSection
	GlobalSection(ProjectConfigurationPlatforms) = postSolution
		{a59499da-237a-40b4-a3c0-9ab63986acb3}.Debug|Any CPU.ActiveCfg = Debug|Any CPU
		{a59499da-237a-40b4-a3c0-9ab63986acb3}.Debug|Any CPU.Build.0 = Debug|Any CPU
		{a59499da-237a-40b4-a3c0-9ab63986acb3}.Release|Any CPU.ActiveCfg = Release|Any CPU
		{a59499da-237a-40b4-a3c0-9ab63986acb3}.Release|Any CPU.Build.0 = Release|Any CPU
	EndGlobalSection
	GlobalSection(SolutionProperties) = preSolution
		HideSolutionNode = FALSE
	EndGlobalSection
	GlobalSection(ExtensibilityGlobals) = postSolution
		SolutionGuid = {2801df7b-361b-4025-91ab-d86acf4472f8}
	EndGlobalSection
EndGlobal
